
Microsoft Visual Studio Solution File, Format Version 12.00
# Visual Studio Version 16
VisualStudioVersion = 16.0.31624.102
MinimumVisualStudioVersion = 10.0.40219.1
Project("{9A19103F-16F7-4668-BE54-9A1E7A4F7556}") = "ElDispositivo", "ElDispositivo\ElDispositivo.csproj", "{B1B325A7-DD07-440C-890D-548A19181130}"
EndProject
Project("{FAE04EC0-301F-11D3-BF4B-00C04F79EFBC}") = "FormPrincipal", "FormPrincipal\FormPrincipal.csproj", "{AC0542C6-F269-49C9-8A02-C471E2AE0411}"
EndProject
Global
	GlobalSection(SolutionConfigurationPlatforms) = preSolution
		Debug|Any CPU = Debug|Any CPU
		Release|Any CPU = Release|Any CPU
	EndGlobalSection
	GlobalSection(ProjectConfigurationPlatforms) = postSolution
		{B1B325A7-DD07-440C-890D-548A19181130}.Debug|Any CPU.ActiveCfg = Debug|Any CPU
		{B1B325A7-DD07-440C-890D-548A19181130}.Debug|Any CPU.Build.0 = Debug|Any CPU
		{B1B325A7-DD07-440C-890D-548A19181130}.Release|Any CPU.ActiveCfg = Release|Any CPU
		{B1B325A7-DD07-440C-890D-548A19181130}.Release|Any CPU.Build.0 = Release|Any CPU
		{AC0542C6-F269-49C9-8A02-C471E2AE0411}.Debug|Any CPU.ActiveCfg = Debug|Any CPU
		{AC0542C6-F269-49C9-8A02-C471E2AE0411}.Debug|Any CPU.Build.0 = Debug|Any CPU
		{AC0542C6-F269-49C9-8A02-C471E2AE0411}.Release|Any CPU.ActiveCfg = Release|Any CPU
		{AC0542C6-F269-49C9-8A02-C471E2AE0411}.Release|Any CPU.Build.0 = Release|Any CPU
	EndGlobalSection
	GlobalSection(SolutionProperties) = preSolution
		HideSolutionNode = FALSE
	EndGlobalSection
	GlobalSection(ExtensibilityGlobals) = postSolution
		SolutionGuid = {8BBCCBB9-3183-4AD5-8377-01E2D7D31F3C}
	EndGlobalSection
EndGlobal
